
Microsoft Visual Studio Solution File, Format Version 12.00
# Visual Studio Version 17
VisualStudioVersion = 17.9.34728.123
MinimumVisualStudioVersion = 10.0.40219.1
Project("{FAE04EC0-301F-11D3-BF4B-00C04F79EFBC}") = "prog1", "prog1\prog1.csproj", "{3969B204-59FE-48A7-AC1B-8C7E9E8411D0}"
EndProject
Global
	GlobalSection(SolutionConfigurationPlatforms) = preSolution
		Debug|Any CPU = Debug|Any CPU
		Release|Any CPU = Release|Any CPU
	EndGlobalSection
	GlobalSection(ProjectConfigurationPlatforms) = postSolution
		{3969B204-59FE-48A7-AC1B-8C7E9E8411D0}.Debug|Any CPU.ActiveCfg = Debug|Any CPU
		{3969B204-59FE-48A7-AC1B-8C7E9E8411D0}.Debug|Any CPU.Build.0 = Debug|Any CPU
		{3969B204-59FE-48A7-AC1B-8C7E9E8411D0}.Release|Any CPU.ActiveCfg = Release|Any CPU
		{3969B204-59FE-48A7-AC1B-8C7E9E8411D0}.Release|Any CPU.Build.0 = Release|Any CPU
	EndGlobalSection
	GlobalSection(SolutionProperties) = preSolution
		HideSolutionNode = FALSE
	EndGlobalSection
	GlobalSection(ExtensibilityGlobals) = postSolution
		SolutionGuid = {8F71AD0E-CF65-4179-BD8C-18DC166215C4}
	EndGlobalSection
EndGlobal
